// !$*UTF8*$!
{
	archiveVersion = 1;
	classes = {
	};
	objectVersion = 48;
	objects = {

/* Begin PBXBuildFile section */
		BF5BA16F21160897002BA72F /* AppDelegate.m in Sources */ = {isa = PBXBuildFile; fileRef = BF5BA16E21160897002BA72F /* AppDelegate.m */; };
		BF5BA17221160897002BA72F /* ViewController.m in Sources */ = {isa = PBXBuildFile; fileRef = BF5BA17121160897002BA72F /* ViewController.m */; };
		BF5BA17521160897002BA72F /* Main.storyboard in Resources */ = {isa = PBXBuildFile; fileRef = BF5BA17321160897002BA72F /* Main.storyboard */; };
		BF5BA17721160897002BA72F /* Assets.xcassets in Resources */ = {isa = PBXBuildFile; fileRef = BF5BA17621160897002BA72F /* Assets.xcassets */; };
		BF5BA17A21160897002BA72F /* LaunchScreen.storyboard in Resources */ = {isa = PBXBuildFile; fileRef = BF5BA17821160897002BA72F /* LaunchScreen.storyboard */; };
		BF5BA17D21160898002BA72F /* main.m in Sources */ = {isa = PBXBuildFile; fileRef = BF5BA17C21160898002BA72F /* main.m */; };
		BF5BA18521160B02002BA72F /* ProductCell.m in Sources */ = {isa = PBXBuildFile; fileRef = BF5BA18421160B02002BA72F /* ProductCell.m */; };
/* End PBXBuildFile section */

/* Begin PBXFileReference section */
		BF5BA16A21160897002BA72F /* AddToCartAnimation.app */ = {isa = PBXFileReference; explicitFileType = wrapper.application; includeInIndex = 0; path = AddToCartAnimation.app; sourceTree = BUILT_PRODUCTS_DIR; };
		BF5BA16D21160897002BA72F /* AppDelegate.h */ = {isa = PBXFileReference; lastKnownFileType = sourcecode.c.h; path = AppDelegate.h; sourceTree = "<group>"; };
		BF5BA16E21160897002BA72F /* AppDelegate.m */ = {isa = PBXFileReference; lastKnownFileType = sourcecode.c.objc; path = AppDelegate.m; sourceTree = "<group>"; };
		BF5BA17021160897002BA72F /* ViewController.h */ = {isa = PBXFileReference; lastKnownFileType = sourcecode.c.h; path = ViewController.h; sourceTree = "<group>"; };
		BF5BA17121160897002BA72F /* ViewController.m */ = {isa = PBXFileReference; lastKnownFileType = sourcecode.c.objc; path = ViewController.m; sourceTree = "<group>"; };
		BF5BA17421160897002BA72F /* Base */ = {isa = PBXFileReference; lastKnownFileType = file.storyboard; name = Base; path = Base.lproj/Main.storyboard; sourceTree = "<group>"; };
		BF5BA17621160897002BA72F /* Assets.xcassets */ = {isa = PBXFileReference; lastKnownFileType = folder.assetcatalog; path = Assets.xcassets; sourceTree = "<group>"; };
		BF5BA17921160897002BA72F /* Base */ = {isa = PBXFileReference; lastKnownFileType = file.storyboard; name = Base; path = Base.lproj/LaunchScreen.storyboard; sourceTree = "<group>"; };
		BF5BA17B21160898002BA72F /* Info.plist */ = {isa = PBXFileReference; lastKnownFileType = text.plist.xml; path = Info.plist; sourceTree = "<group>"; };
		BF5BA17C21160898002BA72F /* main.m */ = {isa = PBXFileReference; lastKnownFileType = sourcecode.c.objc; path = main.m; sourceTree = "<group>"; };
		BF5BA18321160B02002BA72F /* ProductCell.h */ = {isa = PBXFileReference; lastKnownFileType = sourcecode.c.h; path = ProductCell.h; sourceTree = "<group>"; };
		BF5BA18421160B02002BA72F /* ProductCell.m */ = {isa = PBXFileReference; lastKnownFileType = sourcecode.c.objc; path = ProductCell.m; sourceTree = "<group>"; };
/* End PBXFileReference section */

/* Begin PBXFrameworksBuildPhase section */
		BF5BA16721160897002BA72F /* Frameworks */ = {
			isa = PBXFrameworksBuildPhase;
			buildActionMask = 2147483647;
			files = (
			);
			runOnlyForDeploymentPostprocessing = 0;
		};
/* End PBXFrameworksBuildPhase section */

/* Begin PBXGroup section */
		BF5BA16121160897002BA72F = {
			isa = PBXGroup;
			children = (
				BF5BA16C21160897002BA72F /* AddToCartAnimation */,
				BF5BA16B21160897002BA72F /* Products */,
			);
			sourceTree = "<group>";
		};
		BF5BA16B21160897002BA72F /* Products */ = {
			isa = PBXGroup;
			children = (
				BF5BA16A21160897002BA72F /* AddToCartAnimation.app */,
			);
			name = Products;
			sourceTree = "<group>";
		};
		BF5BA16C21160897002BA72F /* AddToCartAnimation */ = {
			isa = PBXGroup;
			children = (
				BF5BA16D21160897002BA72F /* AppDelegate.h */,
				BF5BA16E21160897002BA72F /* AppDelegate.m */,
				BF5BA17021160897002BA72F /* ViewController.h */,
				BF5BA17121160897002BA72F /* ViewController.m */,
				BF5BA17321160897002BA72F /* Main.storyboard */,
				BF5BA17621160897002BA72F /* Assets.xcassets */,
				BF5BA17821160897002BA72F /* LaunchScreen.storyboard */,
				BF5BA17B21160898002BA72F /* Info.plist */,
				BF5BA17C21160898002BA72F /* main.m */,
				BF5BA18321160B02002BA72F /* ProductCell.h */,
				BF5BA18421160B02002BA72F /* ProductCell.m */,
			);
			path = AddToCartAnimation;
			sourceTree = "<group>";
		};
/* End PBXGroup section */

/* Begin PBXNativeTarget section */
		BF5BA16921160897002BA72F /* AddToCartAnimation */ = {
			isa = PBXNativeTarget;
			buildConfigurationList = BF5BA18021160898002BA72F /* Build configuration list for PBXNativeTarget "AddToCartAnimation" */;
			buildPhases = (
				BF5BA16621160897002BA72F /* Sources */,
				BF5BA16721160897002BA72F /* Frameworks */,
				BF5BA16821160897002BA72F /* Resources */,
			);
			buildRules = (
			);
			dependencies = (
			);
			name = AddToCartAnimation;
			productName = AddToCartAnimation;
			productReference = BF5BA16A21160897002BA72F /* AddToCartAnimation.app */;
			productType = "com.apple.product-type.application";
		};
/* End PBXNativeTarget section */

/* Begin PBXProject section */
		BF5BA16221160897002BA72F /* Project object */ = {
			isa = PBXProject;
			attributes = {
				LastUpgradeCheck = 0920;
				ORGANIZATIONNAME = "Pratik Lad";
				TargetAttributes = {
					BF5BA16921160897002BA72F = {
						CreatedOnToolsVersion = 9.2;
						ProvisioningStyle = Automatic;
					};
				};
			};
			buildConfigurationList = BF5BA16521160897002BA72F /* Build configuration list for PBXProject "AddToCartAnimation" */;
			compatibilityVersion = "Xcode 8.0";
			developmentRegion = en;
			hasScannedForEncodings = 0;
			knownRegions = (
				en,
				Base,
			);
			mainGroup = BF5BA16121160897002BA72F;
			productRefGroup = BF5BA16B21160897002BA72F /* Products */;
			projectDirPath = "";
			projectRoot = "";
			targets = (
				BF5BA16921160897002BA72F /* AddToCartAnimation */,
			);
		};
/* End PBXProject section */

/* Begin PBXResourcesBuildPhase section */
		BF5BA16821160897002BA72F /* Resources */ = {
			isa = PBXResourcesBuildPhase;
			buildActionMask = 2147483647;
			files = (
				BF5BA17A21160897002BA72F /* LaunchScreen.storyboard in Resources */,
				BF5BA17721160897002BA72F /* Assets.xcassets in Resources */,
				BF5BA17521160897002BA72F /* Main.storyboard in Resources */,
			);
			runOnlyForDeploymentPostprocessing = 0;
		};
/* End PBXResourcesBuildPhase section */

/* Begin PBXSourcesBuildPhase section */
		BF5BA16621160897002BA72F /* Sources */ = {
			isa = PBXSourcesBuildPhase;
			buildActionMask = 2147483647;
			files = (
				BF5BA17221160897002BA72F /* ViewController.m in Sources */,
				BF5BA18521160B02002BA72F /* ProductCell.m in Sources */,
				BF5BA17D21160898002BA72F /* main.m in Sources */,
				BF5BA16F21160897002BA72F /* AppDelegate.m in Sources */,
			);
			runOnlyForDeploymentPostprocessing = 0;
		};
/* End PBXSourcesBuildPhase section */

/* Begin PBXVariantGroup section */
		BF5BA17321160897002BA72F /* Main.storyboard */ = {
			isa = PBXVariantGroup;
			children = (
				BF5BA17421160897002BA72F /* Base */,
			);
			name = Main.storyboard;
			sourceTree = "<group>";
		};
		BF5BA17821160897002BA72F /* LaunchScreen.storyboard */ = {
			isa = PBXVariantGroup;
			children = (
				BF5BA17921160897002BA72F /* Base */,
			);
			name = LaunchScreen.storyboard;
			sourceTree = "<group>";
		};
/* End PBXVariantGroup section */

/* Begin XCBuildConfiguration section */
		BF5BA17E21160898002BA72F /* Debug */ = {
			isa = XCBuildConfiguration;
			buildSettings = {
				ALWAYS_SEARCH_USER_PATHS = NO;
				CLANG_ANALYZER_NONNULL = YES;
				CLANG_ANALYZER_NUMBER_OBJECT_CONVERSION = YES_AGGRESSIVE;
				CLANG_CXX_LANGUAGE_STANDARD = "gnu++14";
				CLANG_CXX_LIBRARY = "libc++";
				CLANG_ENABLE_MODULES = YES;
				CLANG_ENABLE_OBJC_ARC = YES;
				CLANG_WARN_BLOCK_CAPTURE_AUTORELEASING = YES;
				CLANG_WARN_BOOL_CONVERSION = YES;
				CLANG_WARN_COMMA = YES;
				CLANG_WARN_CONSTANT_CONVERSION = YES;
				CLANG_WARN_DIRECT_OBJC_ISA_USAGE = YES_ERROR;
				CLANG_WARN_DOCUMENTATION_COMMENTS = YES;
				CLANG_WARN_EMPTY_BODY = YES;
				CLANG_WARN_ENUM_CONVERSION = YES;
				CLANG_WARN_INFINITE_RECURSION = YES;
				CLANG_WARN_INT_CONVERSION = YES;
				CLANG_WARN_NON_LITERAL_NULL_CONVERSION = YES;
				CLANG_WARN_OBJC_LITERAL_CONVERSION = YES;
				CLANG_WARN_OBJC_ROOT_CLASS = YES_ERROR;
				CLANG_WARN_RANGE_LOOP_ANALYSIS = YES;
				CLANG_WARN_STRICT_PROTOTYPES = YES;
				CLANG_WARN_SUSPICIOUS_MOVE = YES;
				CLANG_WARN_UNGUARDED_AVAILABILITY = YES_AGGRESSIVE;
				CLANG_WARN_UNREACHABLE_CODE = YES;
				CLANG_WARN__DUPLICATE_METHOD_MATCH = YES;
				CODE_SIGN_IDENTITY = "iPhone Developer";
				COPY_PHASE_STRIP = NO;
				DEBUG_INFORMATION_FORMAT = dwarf;
				ENABLE_STRICT_OBJC_MSGSEND = YES;
				ENABLE_TESTABILITY = YES;
				GCC_C_LANGUAGE_STANDARD = gnu11;
				GCC_DYNAMIC_NO_PIC = NO;
				GCC_NO_COMMON_BLOCKS = YES;
				GCC_OPTIMIZATION_LEVEL = 0;
				GCC_PREPROCESSOR_DEFINITIONS = (
					"DEBUG=1",
					"$(inherited)",
				);
				GCC_WARN_64_TO_32_BIT_CONVERSION = YES;
				GCC_WARN_ABOUT_RETURN_TYPE = YES_ERROR;
				GCC_WARN_UNDECLARED_SELECTOR = YES;
				GCC_WARN_UNINITIALIZED_AUTOS = YES_AGGRESSIVE;
				GCC_WARN_UNUSED_FUNCTION = YES;
				GCC_WARN_UNUSED_VARIABLE = YES;
				IPHONEOS_DEPLOYMENT_TARGET = 11.2;
				MTL_ENABLE_DEBUG_INFO = YES;
				ONLY_ACTIVE_ARCH = YES;
				SDKROOT = iphoneos;
			};
			name = Debug;
		};
		BF5BA17F21160898002BA72F /* Release */ = {
			isa = XCBuildConfiguration;
			buildSettings = {
				ALWAYS_SEARCH_USER_PATHS = NO;
				CLANG_ANALYZER_NONNULL = YES;
				CLANG_ANALYZER_NUMBER_OBJECT_CONVERSION = YES_AGGRESSIVE;
				CLANG_CXX_LANGUAGE_STANDARD = "gnu++14";
				CLANG_CXX_LIBRARY = "libc++";
				CLANG_ENABLE_MODULES = YES;
				CLANG_ENABLE_OBJC_ARC = YES;
				CLANG_WARN_BLOCK_CAPTURE_AUTORELEASING = YES;
				CLANG_WARN_BOOL_CONVERSION = YES;
				CLANG_WARN_COMMA = YES;
				CLANG_WARN_CONSTANT_CONVERSION = YES;
				CLANG_WARN_DIRECT_OBJC_ISA_USAGE = YES_ERROR;
				CLANG_WARN_DOCUMENTATION_COMMENTS = YES;
				CLANG_WARN_EMPTY_BODY = YES;
				CLANG_WARN_ENUM_CONVERSION = YES;
				CLANG_WARN_INFINITE_RECURSION = YES;
				CLANG_WARN_INT_CONVERSION = YES;
				CLANG_WARN_NON_LITERAL_NULL_CONVERSION = YES;
				CLANG_WARN_OBJC_LITERAL_CONVERSION = YES;
				CLANG_WARN_OBJC_ROOT_CLASS = YES_ERROR;
				CLANG_WARN_RANGE_LOOP_ANALYSIS = YES;
				CLANG_WARN_STRICT_PROTOTYPES = YES;
				CLANG_WARN_SUSPICIOUS_MOVE = YES;
				CLANG_WARN_UNGUARDED_AVAILABILITY = YES_AGGRESSIVE;
				CLANG_WARN_UNREACHABLE_CODE = YES;
				CLANG_WARN__DUPLICATE_METHOD_MATCH = YES;
				CODE_SIGN_IDENTITY = "iPhone Developer";
				COPY_PHASE_STRIP = NO;
				DEBUG_INFORMATION_FORMAT = "dwarf-with-dsym";
				ENABLE_NS_ASSERTIONS = NO;
				ENABLE_STRICT_OBJC_MSGSEND = YES;
				GCC_C_LANGUAGE_STANDARD = gnu11;
				GCC_NO_COMMON_BLOCKS = YES;
				GCC_WARN_64_TO_32_BIT_CONVERSION = YES;
				GCC_WARN_ABOUT_RETURN_TYPE = YES_ERROR;
				GCC_WARN_UNDECLARED_SELECTOR = YES;
				GCC_WARN_UNINITIALIZED_AUTOS = YES_AGGRESSIVE;
				GCC_WARN_UNUSED_FUNCTION = YES;
				GCC_WARN_UNUSED_VARIABLE = YES;
				IPHONEOS_DEPLOYMENT_TARGET = 11.2;
				MTL_ENABLE_DEBUG_INFO = NO;
				SDKROOT = iphoneos;
				VALIDATE_PRODUCT = YES;
			};
			name = Release;
		};
		BF5BA18121160898002BA72F /* Debug */ = {
			isa = XCBuildConfiguration;
			buildSettings = {
				ASSETCATALOG_COMPILER_APPICON_NAME = AppIcon;
				CODE_SIGN_STYLE = Automatic;
				INFOPLIST_FILE = AddToCartAnimation/Info.plist;
				LD_RUNPATH_SEARCH_PATHS = "$(inherited) @executable_path/Frameworks";
				PRODUCT_BUNDLE_IDENTIFIER = com.pratik.AddToCartAnimation;
				PRODUCT_NAME = "$(TARGET_NAME)";
				TARGETED_DEVICE_FAMILY = "1,2";
			};
			name = Debug;
		};
		BF5BA18221160898002BA72F /* Release */ = {
			isa = XCBuildConfiguration;
			buildSettings = {
				ASSETCATALOG_COMPILER_APPICON_NAME = AppIcon;
				CODE_SIGN_STYLE = Automatic;
				INFOPLIST_FILE = AddToCartAnimation/Info.plist;
				LD_RUNPATH_SEARCH_PATHS = "$(inherited) @executable_path/Frameworks";
				PRODUCT_BUNDLE_IDENTIFIER = com.pratik.AddToCartAnimation;
				PRODUCT_NAME = "$(TARGET_NAME)";
				TARGETED_DEVICE_FAMILY = "1,2";
			};
			name = Release;
		};
/* End XCBuildConfiguration section */

/* Begin XCConfigurationList section */
		BF5BA16521160897002BA72F /* Build configuration list for PBXProject "AddToCartAnimation" */ = {
			isa = XCConfigurationList;
			buildConfigurations = (
				BF5BA17E21160898002BA72F /* Debug */,
				BF5BA17F21160898002BA72F /* Release */,
			);
			defaultConfigurationIsVisible = 0;
			defaultConfigurationName = Release;
		};
		BF5BA18021160898002BA72F /* Build configuration list for PBXNativeTarget "AddToCartAnimation" */ = {
			isa = XCConfigurationList;
			buildConfigurations = (
				BF5BA18121160898002BA72F /* Debug */,
				BF5BA18221160898002BA72F /* Release */,
			);
			defaultConfigurationIsVisible = 0;
			defaultConfigurationName = Release;
		};
/* End XCConfigurationList section */
	};
	rootObject = BF5BA16221160897002BA72F /* Project object */;
}
